
Microsoft Visual Studio Solution File, Format Version 12.00
# Visual Studio Version 16
VisualStudioVersion = 16.0.32630.194
MinimumVisualStudioVersion = 10.0.40219.1
Project("{FAE04EC0-301F-11D3-BF4B-00C04F79EFBC}") = "Project_MusicShop", "Project_MusicShop.csproj", "{8EB493D7-A833-4B17-B96D-F0867064A33F}"
EndProject
Global
	GlobalSection(SolutionConfigurationPlatforms) = preSolution
		Debug|Any CPU = Debug|Any CPU
		Release|Any CPU = Release|Any CPU
	EndGlobalSection
	GlobalSection(ProjectConfigurationPlatforms) = postSolution
		{8EB493D7-A833-4B17-B96D-F0867064A33F}.Debug|Any CPU.ActiveCfg = Debug|Any CPU
		{8EB493D7-A833-4B17-B96D-F0867064A33F}.Debug|Any CPU.Build.0 = Debug|Any CPU
		{8EB493D7-A833-4B17-B96D-F0867064A33F}.Release|Any CPU.ActiveCfg = Release|Any CPU
		{8EB493D7-A833-4B17-B96D-F0867064A33F}.Release|Any CPU.Build.0 = Release|Any CPU
	EndGlobalSection
	GlobalSection(SolutionProperties) = preSolution
		HideSolutionNode = FALSE
	EndGlobalSection
	GlobalSection(ExtensibilityGlobals) = postSolution
		SolutionGuid = {6AF700A5-791C-4BF8-9611-C9BA093B26DC}
	EndGlobalSection
EndGlobal
